<?xml version="1.0" encoding="utf-8"?>
<Project ToolsVersion="4.0" xmlns="http://schemas.microsoft.com/developer/msbuild/2003">
  <ItemGroup>
    <Filter Include="Source Files">
      <UniqueIdentifier>{4FC737F1-C7A5-4376-A066-2A32D752A2FF}</UniqueIdentifier>
      <Extensions>cpp;c;cc;cxx;def;odl;idl;hpj;bat;asm;asmx</Extensions>
    </Filter>
    <Filter Include="Header Files">
      <UniqueIdentifier>{93995380-89BD-4b04-88EB-625FBE52EBFB}</UniqueIdentifier>
      <Extensions>h;hh;hpp;hxx;hm;inl;inc;xsd</Extensions>
    </Filter>
    <Filter Include="Resource Files">
      <UniqueIdentifier>{67DA6AB6-F800-4c08-8B7A-83BB121AAD01}</UniqueIdentifier>
      <Extensions>rc;ico;cur;bmp;dlg;rc2;rct;bin;rgs;gif;jpg;jpeg;jpe;resx;tiff;tif;png;wav;mfcribbon-ms</Extensions>
    </Filter>
    <Filter Include="Source Files\Map">
      <UniqueIdentifier>{ed656bcf-18d3-4abe-9845-268dc1a551e6}</UniqueIdentifier>
    </Filter>
    <Filter Include="Header Files\Map">
      <UniqueIdentifier>{b0be7226-8512-4af4-b868-92426b82f911}</UniqueIdentifier>
    </Filter>
    <Filter Include="Header Files\Etc">
      <UniqueIdentifier>{4e57f5ff-b384-4e61-82bb-b7c47920e28c}</UniqueIdentifier>
    </Filter>
    <Filter Include="Header Files\Sprites">
      <UniqueIdentifier>{a92f6574-0385-4c97-b6aa-9cba5ec8f227}</UniqueIdentifier>
    </Filter>
    <Filter Include="Source Files\Sprites">
      <UniqueIdentifier>{6f270527-9367-4137-b6ad-bed1aedfd1f4}</UniqueIdentifier>
    </Filter>
    <Filter Include="Source Files\Etc">
      <UniqueIdentifier>{eab87bdf-055d-4625-8e54-2de77a1d8be3}</UniqueIdentifier>
    </Filter>
    <Filter Include="Header Files\Weapons">
      <UniqueIdentifier>{66ea18f0-603c-49c1-8a73-1f13e441f575}</UniqueIdentifier>
    </Filter>
    <Filter Include="Resource Files\Maps">
      <UniqueIdentifier>{60e78c94-6469-4e69-b7e2-db6d47d0a5b1}</UniqueIdentifier>
    </Filter>
    <Filter Include="Resource Files\Textures">
      <UniqueIdentifier>{c040141f-de30-42c7-8553-2face31b4888}</UniqueIdentifier>
    </Filter>
    <Filter Include="Resource Files\Sounds">
      <UniqueIdentifier>{54323211-6a5e-4b30-b388-35e39f50aebc}</UniqueIdentifier>
    </Filter>
    <Filter Include="Header Files\Controller">
      <UniqueIdentifier>{581e42f0-6f8a-400a-9b32-c665519a8fc4}</UniqueIdentifier>
    </Filter>
    <Filter Include="Source Files\Controller">
      <UniqueIdentifier>{074af502-93df-4e26-9165-ee7f46821051}</UniqueIdentifier>
    </Filter>
    <Filter Include="Source Files\Weapons">
      <UniqueIdentifier>{b6c20eb6-b758-46cf-b641-ee753c45a806}</UniqueIdentifier>
    </Filter>
  </ItemGroup>
  <ItemGroup>
    <ClCompile Include="main.cpp">
      <Filter>Source Files</Filter>
    </ClCompile>
    <ClCompile Include="BSPTree.cpp">
      <Filter>Source Files\Map</Filter>
    </ClCompile>
    <ClCompile Include="GameMap.cpp">
      <Filter>Source Files\Map</Filter>
    </ClCompile>
    <ClCompile Include="Scene.cpp">
      <Filter>Source Files</Filter>
    </ClCompile>
    <ClCompile Include="Game.cpp">
      <Filter>Source Files</Filter>
    </ClCompile>
    <ClCompile Include="Geometry.cpp">
      <Filter>Source Files\Etc</Filter>
    </ClCompile>
    <ClCompile Include="Person.cpp">
      <Filter>Source Files\Sprites</Filter>
    </ClCompile>
    <ClCompile Include="MapTypes.cpp">
      <Filter>Source Files\Map</Filter>
    </ClCompile>
    <ClCompile Include="BlockMap.cpp">
      <Filter>Source Files\Map</Filter>
    </ClCompile>
    <ClCompile Include="Planes.cpp">
      <Filter>Source Files\Map</Filter>
    </ClCompile>
    <ClCompile Include="Sounds.cpp">
      <Filter>Source Files\Etc</Filter>
    </ClCompile>
    <ClCompile Include="KeyboardMouse.cpp">
      <Filter>Source Files\Controller</Filter>
    </ClCompile>
    <ClCompile Include="Player.cpp">
      <Filter>Source Files\Sprites</Filter>
    </ClCompile>
    <ClCompile Include="Thing.cpp">
      <Filter>Source Files\Sprites</Filter>
    </ClCompile>
    <ClCompile Include="Enemy.cpp">
      <Filter>Source Files\Sprites</Filter>
    </ClCompile>
    <ClCompile Include="ThingTextures.cpp">
      <Filter>Source Files\Sprites</Filter>
    </ClCompile>
    <ClCompile Include="Weapon.cpp">
      <Filter>Source Files\Weapons</Filter>
    </ClCompile>
  </ItemGroup>
  <ItemGroup>
    <ClInclude Include="BSPTree.h">
      <Filter>Header Files\Map</Filter>
    </ClInclude>
    <ClInclude Include="GameMap.h">
      <Filter>Header Files\Map</Filter>
    </ClInclude>
    <ClInclude Include="MapTypes.h">
      <Filter>Header Files\Map</Filter>
    </ClInclude>
    <ClInclude Include="Scene.h">
      <Filter>Header Files</Filter>
    </ClInclude>
    <ClInclude Include="Game.h">
      <Filter>Header Files</Filter>
    </ClInclude>
    <ClInclude Include="Person.h">
      <Filter>Header Files\Sprites</Filter>
    </ClInclude>
    <ClInclude Include="Geometry.h">
      <Filter>Header Files\Etc</Filter>
    </ClInclude>
    <ClInclude Include="KeyboardMouse.h">
      <Filter>Header Files\Controller</Filter>
    </ClInclude>
    <ClInclude Include="BlockMap.h">
      <Filter>Header Files\Map</Filter>
    </ClInclude>
    <ClInclude Include="Planes.h">
      <Filter>Header Files\Map</Filter>
    </ClInclude>
    <ClInclude Include="Thing.h">
      <Filter>Header Files\Sprites</Filter>
    </ClInclude>
    <ClInclude Include="Weapon.h">
      <Filter>Header Files\Weapons</Filter>
    </ClInclude>
    <ClInclude Include="Enemy.h">
      <Filter>Header Files\Sprites</Filter>
    </ClInclude>
    <ClInclude Include="Sounds.h">
      <Filter>Header Files\Etc</Filter>
    </ClInclude>
    <ClInclude Include="ThingTextures.h">
      <Filter>Header Files\Sprites</Filter>
    </ClInclude>
    <ClInclude Include="Controller.h">
      <Filter>Header Files\Controller</Filter>
    </ClInclude>
    <ClInclude Include="Player.h">
      <Filter>Header Files\Sprites</Filter>
    </ClInclude>
  </ItemGroup>
  <ItemGroup>
    <Image Include="textures.png">
      <Filter>Resource Files\Textures</Filter>
    </Image>
    <Image Include="..\..\..\..\..\Desktop\gun\1.png">
      <Filter>Resource Files\Textures</Filter>
    </Image>
    <Image Include="..\..\..\..\..\Desktop\gun\2.png">
      <Filter>Resource Files\Textures</Filter>
    </Image>
    <Image Include="..\..\..\..\..\Desktop\gun\3.png">
      <Filter>Resource Files\Textures</Filter>
    </Image>
    <Image Include="..\..\..\..\..\Desktop\gun\4.png">
      <Filter>Resource Files\Textures</Filter>
    </Image>
    <Image Include="..\..\..\..\..\Desktop\gun\5.png">
      <Filter>Resource Files\Textures</Filter>
    </Image>
    <Image Include="..\..\..\..\..\Desktop\gun\6.png">
      <Filter>Resource Files\Textures</Filter>
    </Image>
    <Image Include="..\..\..\..\..\Desktop\gun\7.png">
      <Filter>Resource Files\Textures</Filter>
    </Image>
    <Image Include="Textures\texture.png">
      <Filter>Resource Files\Textures</Filter>
    </Image>
  </ItemGroup>
  <ItemGroup>
    <Text Include="e1m1.map">
      <Filter>Resource Files\Maps</Filter>
    </Text>
  </ItemGroup>
  <ItemGroup>
    <None Include="test.map">
      <Filter>Resource Files\Maps</Filter>
    </None>
  </ItemGroup>
  <ItemGroup>
    <Media Include="Sounds\FireEnemy.wav">
      <Filter>Resource Files\Sounds</Filter>
    </Media>
    <Media Include="Sounds\FirePlayer.wav">
      <Filter>Resource Files\Sounds</Filter>
    </Media>
    <Media Include="Sounds\Intro.wav">
      <Filter>Resource Files\Sounds</Filter>
    </Media>
    <Media Include="Sounds\Jump.wav">
      <Filter>Resource Files\Sounds</Filter>
    </Media>
    <Media Include="Sounds\Walk.wav">
      <Filter>Resource Files\Sounds</Filter>
    </Media>
    <Media Include="Sounds\Wind.wav">
      <Filter>Resource Files\Sounds</Filter>
    </Media>
    <Media Include="Sounds\Activation.wav">
      <Filter>Resource Files\Sounds</Filter>
    </Media>
    <Media Include="Sounds\BulletHitFlesh.wav">
      <Filter>Resource Files\Sounds</Filter>
    </Media>
    <Media Include="Sounds\BulletHitWall.wav">
      <Filter>Resource Files\Sounds</Filter>
    </Media>
    <Media Include="Sounds\Death.wav">
      <Filter>Resource Files\Sounds</Filter>
    </Media>
    <Media Include="Sounds\DeathEnemy.wav">
      <Filter>Resource Files\Sounds</Filter>
    </Media>
    <Media Include="Sounds\DoorEnd.wav">
      <Filter>Resource Files\Sounds</Filter>
    </Media>
    <Media Include="Sounds\DoorLoop.wav">
      <Filter>Resource Files\Sounds</Filter>
    </Media>
    <Media Include="Sounds\DoorStart.wav">
      <Filter>Resource Files\Sounds</Filter>
    </Media>
    <Media Include="Sounds\Fall.wav">
      <Filter>Resource Files\Sounds</Filter>
    </Media>
    <Media Include="Sounds\Night.wav">
      <Filter>Resource Files\Sounds</Filter>
    </Media>
    <Media Include="Sounds\Sand.wav">
      <Filter>Resource Files\Sounds</Filter>
    </Media>
    <Media Include="Sounds\Sewers.wav">
      <Filter>Resource Files\Sounds</Filter>
    </Media>
  </ItemGroup>
</Project>